Microsoft Visual Studio Solution File, Format Version 11.00
# Visual Studio 2013
Project("{48676D72-BFD8-5B8E-21E1-EB0A9709DC4E}") = "BASF", "BASF.vcxproj", "{5E0243B3-B7C9-E4CB-509F-97B8CA7FE99D}"
EndProject
Global
	GlobalSection(SolutionConfigurationPlatforms) = preSolution
		Debug|Win32 = Debug|Win32
		Release|Win32 = Release|Win32
	EndGlobalSection
	GlobalSection(ProjectConfigurationPlatforms) = postSolution
		{5E0243B3-B7C9-E4CB-509F-97B8CA7FE99D}.Debug|Win32.ActiveCfg = Debug|Win32
		{5E0243B3-B7C9-E4CB-509F-97B8CA7FE99D}.Debug|Win32.Build.0 = Debug|Win32
		{5E0243B3-B7C9-E4CB-509F-97B8CA7FE99D}.Release|Win32.ActiveCfg = Release|Win32
		{5E0243B3-B7C9-E4CB-509F-97B8CA7FE99D}.Release|Win32.Build.0 = Release|Win32
	EndGlobalSection
	GlobalSection(SolutionProperties) = preSolution
		HideSolutionNode = FALSE
	EndGlobalSection
EndGlobal
